
Microsoft Visual Studio Solution File, Format Version 12.00
# Visual Studio Version 16
VisualStudioVersion = 16.0.31025.194
MinimumVisualStudioVersion = 10.0.40219.1
Project("{FAE04EC0-301F-11D3-BF4B-00C04F79EFBC}") = "Libray.Entities", "Libray.Entities\Libray.Entities.csproj", "{1BB2FFD2-F106-4040-8C66-FDB428A95A00}"
EndProject
Global
	GlobalSection(SolutionConfigurationPlatforms) = preSolution
		Debug|Any CPU = Debug|Any CPU
		Release|Any CPU = Release|Any CPU
	EndGlobalSection
	GlobalSection(ProjectConfigurationPlatforms) = postSolution
		{1BB2FFD2-F106-4040-8C66-FDB428A95A00}.Debug|Any CPU.ActiveCfg = Debug|Any CPU
		{1BB2FFD2-F106-4040-8C66-FDB428A95A00}.Debug|Any CPU.Build.0 = Debug|Any CPU
		{1BB2FFD2-F106-4040-8C66-FDB428A95A00}.Release|Any CPU.ActiveCfg = Release|Any CPU
		{1BB2FFD2-F106-4040-8C66-FDB428A95A00}.Release|Any CPU.Build.0 = Release|Any CPU
	EndGlobalSection
	GlobalSection(SolutionProperties) = preSolution
		HideSolutionNode = FALSE
	EndGlobalSection
	GlobalSection(ExtensibilityGlobals) = postSolution
		SolutionGuid = {5683D978-18C2-43B9-81C9-50613CAC051A}
	EndGlobalSection
EndGlobal
